// !$*UTF8*$!
{
	archiveVersion = 1;
	classes = {
	};
	objectVersion = 48;
	objects = {

/* Begin PBXBuildFile section */
		AD71D499206FFEDA00CFC144 /* Item.swift in Sources */ = {isa = PBXBuildFile; fileRef = AD71D498206FFEDA00CFC144 /* Item.swift */; };
		AD71D49B206FFEE900CFC144 /* Category.swift in Sources */ = {isa = PBXBuildFile; fileRef = AD71D49A206FFEE900CFC144 /* Category.swift */; };
		ADD40B812065471600CE9A59 /* AppDelegate.swift in Sources */ = {isa = PBXBuildFile; fileRef = ADD40B802065471600CE9A59 /* AppDelegate.swift */; };
		ADD40B832065471600CE9A59 /* TodoListViewController.swift in Sources */ = {isa = PBXBuildFile; fileRef = ADD40B822065471600CE9A59 /* TodoListViewController.swift */; };
		ADD40B862065471600CE9A59 /* Main.storyboard in Resources */ = {isa = PBXBuildFile; fileRef = ADD40B842065471600CE9A59 /* Main.storyboard */; };
		ADD40B882065471600CE9A59 /* Assets.xcassets in Resources */ = {isa = PBXBuildFile; fileRef = ADD40B872065471600CE9A59 /* Assets.xcassets */; };
		ADD40B8B2065471600CE9A59 /* LaunchScreen.storyboard in Resources */ = {isa = PBXBuildFile; fileRef = ADD40B892065471600CE9A59 /* LaunchScreen.storyboard */; };
		ADD40BBD206EAA2B00CE9A59 /* CategoryTableViewController.swift in Sources */ = {isa = PBXBuildFile; fileRef = ADD40BBC206EAA2B00CE9A59 /* CategoryTableViewController.swift */; };
		ADE634CF2073D7FA004BDC42 /* SwipeTableViewController.swift in Sources */ = {isa = PBXBuildFile; fileRef = ADE634CE2073D7FA004BDC42 /* SwipeTableViewController.swift */; };
		E37F71AF6607AC6E863E8B9F /* Pods_Todoey.framework in Frameworks */ = {isa = PBXBuildFile; fileRef = 435A2A9368537B19120769B2 /* Pods_Todoey.framework */; };
/* End PBXBuildFile section */

/* Begin PBXFileReference section */
		435A2A9368537B19120769B2 /* Pods_Todoey.framework */ = {isa = PBXFileReference; explicitFileType = wrapper.framework; includeInIndex = 0; path = Pods_Todoey.framework; sourceTree = BUILT_PRODUCTS_DIR; };
		791D6B47474AFE11575669C4 /* Pods-Todoey.release.xcconfig */ = {isa = PBXFileReference; includeInIndex = 1; lastKnownFileType = text.xcconfig; name = "Pods-Todoey.release.xcconfig"; path = "Pods/Target Support Files/Pods-Todoey/Pods-Todoey.release.xcconfig"; sourceTree = "<group>"; };
		AD71D498206FFEDA00CFC144 /* Item.swift */ = {isa = PBXFileReference; lastKnownFileType = sourcecode.swift; path = Item.swift; sourceTree = "<group>"; };
		AD71D49A206FFEE900CFC144 /* Category.swift */ = {isa = PBXFileReference; lastKnownFileType = sourcecode.swift; path = Category.swift; sourceTree = "<group>"; };
		ADD40B7D2065471600CE9A59 /* Todoey.app */ = {isa = PBXFileReference; explicitFileType = wrapper.application; includeInIndex = 0; path = Todoey.app; sourceTree = BUILT_PRODUCTS_DIR; };
		ADD40B802065471600CE9A59 /* AppDelegate.swift */ = {isa = PBXFileReference; lastKnownFileType = sourcecode.swift; path = AppDelegate.swift; sourceTree = "<group>"; };
		ADD40B822065471600CE9A59 /* TodoListViewController.swift */ = {isa = PBXFileReference; lastKnownFileType = sourcecode.swift; path = TodoListViewController.swift; sourceTree = "<group>"; };
		ADD40B852065471600CE9A59 /* Base */ = {isa = PBXFileReference; lastKnownFileType = file.storyboard; name = Base; path = Base.lproj/Main.storyboard; sourceTree = "<group>"; };
		ADD40B872065471600CE9A59 /* Assets.xcassets */ = {isa = PBXFileReference; lastKnownFileType = folder.assetcatalog; path = Assets.xcassets; sourceTree = "<group>"; };
		ADD40B8A2065471600CE9A59 /* Base */ = {isa = PBXFileReference; lastKnownFileType = file.storyboard; name = Base; path = Base.lproj/LaunchScreen.storyboard; sourceTree = "<group>"; };
		ADD40B8C2065471600CE9A59 /* Info.plist */ = {isa = PBXFileReference; lastKnownFileType = text.plist.xml; path = Info.plist; sourceTree = "<group>"; };
		ADD40BBC206EAA2B00CE9A59 /* CategoryTableViewController.swift */ = {isa = PBXFileReference; lastKnownFileType = sourcecode.swift; path = CategoryTableViewController.swift; sourceTree = "<group>"; };
		ADE634CE2073D7FA004BDC42 /* SwipeTableViewController.swift */ = {isa = PBXFileReference; lastKnownFileType = sourcecode.swift; path = SwipeTableViewController.swift; sourceTree = "<group>"; };
		DDBAC73ADF8C0D53835CBB3E /* Pods-Todoey.debug.xcconfig */ = {isa = PBXFileReference; includeInIndex = 1; lastKnownFileType = text.xcconfig; name = "Pods-Todoey.debug.xcconfig"; path = "Pods/Target Support Files/Pods-Todoey/Pods-Todoey.debug.xcconfig"; sourceTree = "<group>"; };
/* End PBXFileReference section */

/* Begin PBXFrameworksBuildPhase section */
		ADD40B7A2065471600CE9A59 /* Frameworks */ = {
			isa = PBXFrameworksBuildPhase;
			buildActionMask = 2147483647;
			files = (
				E37F71AF6607AC6E863E8B9F /* Pods_Todoey.framework in Frameworks */,
			);
			runOnlyForDeploymentPostprocessing = 0;
		};
/* End PBXFrameworksBuildPhase section */

/* Begin PBXGroup section */
		8AECB6E3543B9480E3A63061 /* Pods */ = {
			isa = PBXGroup;
			children = (
				DDBAC73ADF8C0D53835CBB3E /* Pods-Todoey.debug.xcconfig */,
				791D6B47474AFE11575669C4 /* Pods-Todoey.release.xcconfig */,
			);
			name = Pods;
			sourceTree = "<group>";
		};
		8CEDDD8C1B56863BC06E4A86 /* Frameworks */ = {
			isa = PBXGroup;
			children = (
				435A2A9368537B19120769B2 /* Pods_Todoey.framework */,
			);
			name = Frameworks;
			sourceTree = "<group>";
		};
		ADD40B742065471600CE9A59 = {
			isa = PBXGroup;
			children = (
				ADD40B7F2065471600CE9A59 /* Todoey */,
				ADD40B7E2065471600CE9A59 /* Products */,
				8AECB6E3543B9480E3A63061 /* Pods */,
				8CEDDD8C1B56863BC06E4A86 /* Frameworks */,
			);
			sourceTree = "<group>";
		};
		ADD40B7E2065471600CE9A59 /* Products */ = {
			isa = PBXGroup;
			children = (
				ADD40B7D2065471600CE9A59 /* Todoey.app */,
			);
			name = Products;
			sourceTree = "<group>";
		};
		ADD40B7F2065471600CE9A59 /* Todoey */ = {
			isa = PBXGroup;
			children = (
				ADD40B802065471600CE9A59 /* AppDelegate.swift */,
				ADD40B952066AD3200CE9A59 /* Controllers */,
				ADD40B942066AD0B00CE9A59 /* Data Model */,
				ADD40B962066AD4E00CE9A59 /* Views */,
				ADD40B972066AD6700CE9A59 /* Supporting Files */,
				ADD40B8C2065471600CE9A59 /* Info.plist */,
			);
			path = Todoey;
			sourceTree = "<group>";
		};
		ADD40B942066AD0B00CE9A59 /* Data Model */ = {
			isa = PBXGroup;
			children = (
				AD71D49A206FFEE900CFC144 /* Category.swift */,
				AD71D498206FFEDA00CFC144 /* Item.swift */,
			);
			path = "Data Model";
			sourceTree = "<group>";
		};
		ADD40B952066AD3200CE9A59 /* Controllers */ = {
			isa = PBXGroup;
			children = (
				ADD40BBC206EAA2B00CE9A59 /* CategoryTableViewController.swift */,
				ADD40B822065471600CE9A59 /* TodoListViewController.swift */,
				ADE634CE2073D7FA004BDC42 /* SwipeTableViewController.swift */,
			);
			path = Controllers;
			sourceTree = "<group>";
		};
		ADD40B962066AD4E00CE9A59 /* Views */ = {
			isa = PBXGroup;
			children = (
				ADD40B842065471600CE9A59 /* Main.storyboard */,
			);
			path = Views;
			sourceTree = "<group>";
		};
		ADD40B972066AD6700CE9A59 /* Supporting Files */ = {
			isa = PBXGroup;
			children = (
				ADD40B872065471600CE9A59 /* Assets.xcassets */,
				ADD40B892065471600CE9A59 /* LaunchScreen.storyboard */,
			);
			path = "Supporting Files";
			sourceTree = "<group>";
		};
/* End PBXGroup section */

/* Begin PBXNativeTarget section */
		ADD40B7C2065471600CE9A59 /* Todoey */ = {
			isa = PBXNativeTarget;
			buildConfigurationList = ADD40B8F2065471600CE9A59 /* Build configuration list for PBXNativeTarget "Todoey" */;
			buildPhases = (
				837C94B93E8990BE88E8ABE1 /* [CP] Check Pods Manifest.lock */,
				ADD40B792065471600CE9A59 /* Sources */,
				ADD40B7A2065471600CE9A59 /* Frameworks */,
				ADD40B7B2065471600CE9A59 /* Resources */,
				1DA512965816C0B285E2AEF6 /* [CP] Embed Pods Frameworks */,
				EFE9FF5B5073A8497ADA78BC /* [CP] Copy Pods Resources */,
			);
			buildRules = (
			);
			dependencies = (
			);
			name = Todoey;
			productName = Todoey;
			productReference = ADD40B7D2065471600CE9A59 /* Todoey.app */;
			productType = "com.apple.product-type.application";
		};
/* End PBXNativeTarget section */

/* Begin PBXProject section */
		ADD40B752065471600CE9A59 /* Project object */ = {
			isa = PBXProject;
			attributes = {
				LastSwiftUpdateCheck = 0920;
				LastUpgradeCheck = 0920;
				ORGANIZATIONNAME = "Aleksei Smelianski";
				TargetAttributes = {
					ADD40B7C2065471600CE9A59 = {
						CreatedOnToolsVersion = 9.2;
						ProvisioningStyle = Automatic;
					};
				};
			};
			buildConfigurationList = ADD40B782065471600CE9A59 /* Build configuration list for PBXProject "Todoey" */;
			compatibilityVersion = "Xcode 8.0";
			developmentRegion = en;
			hasScannedForEncodings = 0;
			knownRegions = (
				en,
				Base,
			);
			mainGroup = ADD40B742065471600CE9A59;
			productRefGroup = ADD40B7E2065471600CE9A59 /* Products */;
			projectDirPath = "";
			projectRoot = "";
			targets = (
				ADD40B7C2065471600CE9A59 /* Todoey */,
			);
		};
/* End PBXProject section */

/* Begin PBXResourcesBuildPhase section */
		ADD40B7B2065471600CE9A59 /* Resources */ = {
			isa = PBXResourcesBuildPhase;
			buildActionMask = 2147483647;
			files = (
				ADD40B8B2065471600CE9A59 /* LaunchScreen.storyboard in Resources */,
				ADD40B882065471600CE9A59 /* Assets.xcassets in Resources */,
				ADD40B862065471600CE9A59 /* Main.storyboard in Resources */,
			);
			runOnlyForDeploymentPostprocessing = 0;
		};
/* End PBXResourcesBuildPhase section */

/* Begin PBXShellScriptBuildPhase section */
		1DA512965816C0B285E2AEF6 /* [CP] Embed Pods Frameworks */ = {
			isa = PBXShellScriptBuildPhase;
			buildActionMask = 2147483647;
			files = (
			);
			inputPaths = (
				"${SRCROOT}/Pods/Target Support Files/Pods-Todoey/Pods-Todoey-frameworks.sh",
				"${BUILT_PRODUCTS_DIR}/ChameleonFramework/ChameleonFramework.framework",
				"${BUILT_PRODUCTS_DIR}/Realm/Realm.framework",
				"${BUILT_PRODUCTS_DIR}/RealmSwift/RealmSwift.framework",
				"${BUILT_PRODUCTS_DIR}/SwipeCellKit/SwipeCellKit.framework",
			);
			name = "[CP] Embed Pods Frameworks";
			outputPaths = (
				"${TARGET_BUILD_DIR}/${FRAMEWORKS_FOLDER_PATH}/ChameleonFramework.framework",
				"${TARGET_BUILD_DIR}/${FRAMEWORKS_FOLDER_PATH}/Realm.framework",
				"${TARGET_BUILD_DIR}/${FRAMEWORKS_FOLDER_PATH}/RealmSwift.framework",
				"${TARGET_BUILD_DIR}/${FRAMEWORKS_FOLDER_PATH}/SwipeCellKit.framework",
			);
			runOnlyForDeploymentPostprocessing = 0;
			shellPath = /bin/sh;
			shellScript = "\"${SRCROOT}/Pods/Target Support Files/Pods-Todoey/Pods-Todoey-frameworks.sh\"\n";
			showEnvVarsInLog = 0;
		};
		837C94B93E8990BE88E8ABE1 /* [CP] Check Pods Manifest.lock */ = {
			isa = PBXShellScriptBuildPhase;
			buildActionMask = 2147483647;
			files = (
			);
			inputPaths = (
				"${PODS_PODFILE_DIR_PATH}/Podfile.lock",
				"${PODS_ROOT}/Manifest.lock",
			);
			name = "[CP] Check Pods Manifest.lock";
			outputPaths = (
				"$(DERIVED_FILE_DIR)/Pods-Todoey-checkManifestLockResult.txt",
			);
			runOnlyForDeploymentPostprocessing = 0;
			shellPath = /bin/sh;
			shellScript = "diff \"${PODS_PODFILE_DIR_PATH}/Podfile.lock\" \"${PODS_ROOT}/Manifest.lock\" > /dev/null\nif [ $? != 0 ] ; then\n    # print error to STDERR\n    echo \"error: The sandbox is not in sync with the Podfile.lock. Run 'pod install' or update your CocoaPods installation.\" >&2\n    exit 1\nfi\n# This output is used by Xcode 'outputs' to avoid re-running this script phase.\necho \"SUCCESS\" > \"${SCRIPT_OUTPUT_FILE_0}\"\n";
			showEnvVarsInLog = 0;
		};
		EFE9FF5B5073A8497ADA78BC /* [CP] Copy Pods Resources */ = {
			isa = PBXShellScriptBuildPhase;
			buildActionMask = 2147483647;
			files = (
			);
			inputPaths = (
			);
			name = "[CP] Copy Pods Resources";
			outputPaths = (
			);
			runOnlyForDeploymentPostprocessing = 0;
			shellPath = /bin/sh;
			shellScript = "\"${SRCROOT}/Pods/Target Support Files/Pods-Todoey/Pods-Todoey-resources.sh\"\n";
			showEnvVarsInLog = 0;
		};
/* End PBXShellScriptBuildPhase section */

/* Begin PBXSourcesBuildPhase section */
		ADD40B792065471600CE9A59 /* Sources */ = {
			isa = PBXSourcesBuildPhase;
			buildActionMask = 2147483647;
			files = (
				AD71D499206FFEDA00CFC144 /* Item.swift in Sources */,
				ADD40B832065471600CE9A59 /* TodoListViewController.swift in Sources */,
				ADD40B812065471600CE9A59 /* AppDelegate.swift in Sources */,
				ADD40BBD206EAA2B00CE9A59 /* CategoryTableViewController.swift in Sources */,
				ADE634CF2073D7FA004BDC42 /* SwipeTableViewController.swift in Sources */,
				AD71D49B206FFEE900CFC144 /* Category.swift in Sources */,
			);
			runOnlyForDeploymentPostprocessing = 0;
		};
/* End PBXSourcesBuildPhase section */

/* Begin PBXVariantGroup section */
		ADD40B842065471600CE9A59 /* Main.storyboard */ = {
			isa = PBXVariantGroup;
			children = (
				ADD40B852065471600CE9A59 /* Base */,
			);
			name = Main.storyboard;
			sourceTree = "<group>";
		};
		ADD40B892065471600CE9A59 /* LaunchScreen.storyboard */ = {
			isa = PBXVariantGroup;
			children = (
				ADD40B8A2065471600CE9A59 /* Base */,
			);
			name = LaunchScreen.storyboard;
			sourceTree = "<group>";
		};
/* End PBXVariantGroup section */

/* Begin XCBuildConfiguration section */
		ADD40B8D2065471600CE9A59 /* Debug */ = {
			isa = XCBuildConfiguration;
			buildSettings = {
				ALWAYS_SEARCH_USER_PATHS = NO;
				CLANG_ANALYZER_NONNULL = YES;
				CLANG_ANALYZER_NUMBER_OBJECT_CONVERSION = YES_AGGRESSIVE;
				CLANG_CXX_LANGUAGE_STANDARD = "gnu++14";
				CLANG_CXX_LIBRARY = "libc++";
				CLANG_ENABLE_MODULES = YES;
				CLANG_ENABLE_OBJC_ARC = YES;
				CLANG_WARN_BLOCK_CAPTURE_AUTORELEASING = YES;
				CLANG_WARN_BOOL_CONVERSION = YES;
				CLANG_WARN_COMMA = YES;
				CLANG_WARN_CONSTANT_CONVERSION = YES;
				CLANG_WARN_DIRECT_OBJC_ISA_USAGE = YES_ERROR;
				CLANG_WARN_DOCUMENTATION_COMMENTS = YES;
				CLANG_WARN_EMPTY_BODY = YES;
				CLANG_WARN_ENUM_CONVERSION = YES;
				CLANG_WARN_INFINITE_RECURSION = YES;
				CLANG_WARN_INT_CONVERSION = YES;
				CLANG_WARN_NON_LITERAL_NULL_CONVERSION = YES;
				CLANG_WARN_OBJC_LITERAL_CONVERSION = YES;
				CLANG_WARN_OBJC_ROOT_CLASS = YES_ERROR;
				CLANG_WARN_RANGE_LOOP_ANALYSIS = YES;
				CLANG_WARN_STRICT_PROTOTYPES = YES;
				CLANG_WARN_SUSPICIOUS_MOVE = YES;
				CLANG_WARN_UNGUARDED_AVAILABILITY = YES_AGGRESSIVE;
				CLANG_WARN_UNREACHABLE_CODE = YES;
				CLANG_WARN__DUPLICATE_METHOD_MATCH = YES;
				CODE_SIGN_IDENTITY = "iPhone Developer";
				COPY_PHASE_STRIP = NO;
				DEBUG_INFORMATION_FORMAT = dwarf;
				ENABLE_STRICT_OBJC_MSGSEND = YES;
				ENABLE_TESTABILITY = YES;
				GCC_C_LANGUAGE_STANDARD = gnu11;
				GCC_DYNAMIC_NO_PIC = NO;
				GCC_NO_COMMON_BLOCKS = YES;
				GCC_OPTIMIZATION_LEVEL = 0;
				GCC_PREPROCESSOR_DEFINITIONS = (
					"DEBUG=1",
					"$(inherited)",
				);
				GCC_WARN_64_TO_32_BIT_CONVERSION = YES;
				GCC_WARN_ABOUT_RETURN_TYPE = YES_ERROR;
				GCC_WARN_UNDECLARED_SELECTOR = YES;
				GCC_WARN_UNINITIALIZED_AUTOS = YES_AGGRESSIVE;
				GCC_WARN_UNUSED_FUNCTION = YES;
				GCC_WARN_UNUSED_VARIABLE = YES;
				IPHONEOS_DEPLOYMENT_TARGET = 11.2;
				MTL_ENABLE_DEBUG_INFO = YES;
				ONLY_ACTIVE_ARCH = YES;
				SDKROOT = iphoneos;
				SWIFT_ACTIVE_COMPILATION_CONDITIONS = DEBUG;
				SWIFT_OPTIMIZATION_LEVEL = "-Onone";
			};
			name = Debug;
		};
		ADD40B8E2065471600CE9A59 /* Release */ = {
			isa = XCBuildConfiguration;
			buildSettings = {
				ALWAYS_SEARCH_USER_PATHS = NO;
				CLANG_ANALYZER_NONNULL = YES;
				CLANG_ANALYZER_NUMBER_OBJECT_CONVERSION = YES_AGGRESSIVE;
				CLANG_CXX_LANGUAGE_STANDARD = "gnu++14";
				CLANG_CXX_LIBRARY = "libc++";
				CLANG_ENABLE_MODULES = YES;
				CLANG_ENABLE_OBJC_ARC = YES;
				CLANG_WARN_BLOCK_CAPTURE_AUTORELEASING = YES;
				CLANG_WARN_BOOL_CONVERSION = YES;
				CLANG_WARN_COMMA = YES;
				CLANG_WARN_CONSTANT_CONVERSION = YES;
				CLANG_WARN_DIRECT_OBJC_ISA_USAGE = YES_ERROR;
				CLANG_WARN_DOCUMENTATION_COMMENTS = YES;
				CLANG_WARN_EMPTY_BODY = YES;
				CLANG_WARN_ENUM_CONVERSION = YES;
				CLANG_WARN_INFINITE_RECURSION = YES;
				CLANG_WARN_INT_CONVERSION = YES;
				CLANG_WARN_NON_LITERAL_NULL_CONVERSION = YES;
				CLANG_WARN_OBJC_LITERAL_CONVERSION = YES;
				CLANG_WARN_OBJC_ROOT_CLASS = YES_ERROR;
				CLANG_WARN_RANGE_LOOP_ANALYSIS = YES;
				CLANG_WARN_STRICT_PROTOTYPES = YES;
				CLANG_WARN_SUSPICIOUS_MOVE = YES;
				CLANG_WARN_UNGUARDED_AVAILABILITY = YES_AGGRESSIVE;
				CLANG_WARN_UNREACHABLE_CODE = YES;
				CLANG_WARN__DUPLICATE_METHOD_MATCH = YES;
				CODE_SIGN_IDENTITY = "iPhone Developer";
				COPY_PHASE_STRIP = NO;
				DEBUG_INFORMATION_FORMAT = "dwarf-with-dsym";
				ENABLE_NS_ASSERTIONS = NO;
				ENABLE_STRICT_OBJC_MSGSEND = YES;
				GCC_C_LANGUAGE_STANDARD = gnu11;
				GCC_NO_COMMON_BLOCKS = YES;
				GCC_WARN_64_TO_32_BIT_CONVERSION = YES;
				GCC_WARN_ABOUT_RETURN_TYPE = YES_ERROR;
				GCC_WARN_UNDECLARED_SELECTOR = YES;
				GCC_WARN_UNINITIALIZED_AUTOS = YES_AGGRESSIVE;
				GCC_WARN_UNUSED_FUNCTION = YES;
				GCC_WARN_UNUSED_VARIABLE = YES;
				IPHONEOS_DEPLOYMENT_TARGET = 11.2;
				MTL_ENABLE_DEBUG_INFO = NO;
				SDKROOT = iphoneos;
				SWIFT_OPTIMIZATION_LEVEL = "-Owholemodule";
				VALIDATE_PRODUCT = YES;
			};
			name = Release;
		};
		ADD40B902065471600CE9A59 /* Debug */ = {
			isa = XCBuildConfiguration;
			baseConfigurationReference = DDBAC73ADF8C0D53835CBB3E /* Pods-Todoey.debug.xcconfig */;
			buildSettings = {
				ASSETCATALOG_COMPILER_APPICON_NAME = AppIcon;
				CODE_SIGN_STYLE = Automatic;
				DEVELOPMENT_TEAM = 9T768HPPFK;
				INFOPLIST_FILE = Todoey/Info.plist;
				LD_RUNPATH_SEARCH_PATHS = "$(inherited) @executable_path/Frameworks";
				PRODUCT_BUNDLE_IDENTIFIER = com.alekseismelianski.Todoey;
				PRODUCT_NAME = "$(TARGET_NAME)";
				SWIFT_VERSION = 4.0;
				TARGETED_DEVICE_FAMILY = "1,2";
			};
			name = Debug;
		};
		ADD40B912065471600CE9A59 /* Release */ = {
			isa = XCBuildConfiguration;
			baseConfigurationReference = 791D6B47474AFE11575669C4 /* Pods-Todoey.release.xcconfig */;
			buildSettings = {
				ASSETCATALOG_COMPILER_APPICON_NAME = AppIcon;
				CODE_SIGN_STYLE = Automatic;
				DEVELOPMENT_TEAM = 9T768HPPFK;
				INFOPLIST_FILE = Todoey/Info.plist;
				LD_RUNPATH_SEARCH_PATHS = "$(inherited) @executable_path/Frameworks";
				PRODUCT_BUNDLE_IDENTIFIER = com.alekseismelianski.Todoey;
				PRODUCT_NAME = "$(TARGET_NAME)";
				SWIFT_VERSION = 4.0;
				TARGETED_DEVICE_FAMILY = "1,2";
			};
			name = Release;
		};
/* End XCBuildConfiguration section */

/* Begin XCConfigurationList section */
		ADD40B782065471600CE9A59 /* Build configuration list for PBXProject "Todoey" */ = {
			isa = XCConfigurationList;
			buildConfigurations = (
				ADD40B8D2065471600CE9A59 /* Debug */,
				ADD40B8E2065471600CE9A59 /* Release */,
			);
			defaultConfigurationIsVisible = 0;
			defaultConfigurationName = Release;
		};
		ADD40B8F2065471600CE9A59 /* Build configuration list for PBXNativeTarget "Todoey" */ = {
			isa = XCConfigurationList;
			buildConfigurations = (
				ADD40B902065471600CE9A59 /* Debug */,
				ADD40B912065471600CE9A59 /* Release */,
			);
			defaultConfigurationIsVisible = 0;
			defaultConfigurationName = Release;
		};
/* End XCConfigurationList section */
	};
	rootObject = ADD40B752065471600CE9A59 /* Project object */;
}
